
Microsoft Visual Studio Solution File, Format Version 12.00
# Visual Studio Version 17
VisualStudioVersion = 17.3.32922.545
MinimumVisualStudioVersion = 10.0.40219.1
Project("{9A19103F-16F7-4668-BE54-9A1E7A4F7556}") = "Projekat_ONT", "Projekat_ONT\Projekat_ONT.csproj", "{3791045D-2C33-46CE-B388-48F26D11D74B}"
EndProject
Project("{2150E333-8FDC-42A3-9474-1A3956D46DE8}") = "Solution Items", "Solution Items", "{AAE245CA-AA88-480D-9CED-9DC2DE44EA10}"
	ProjectSection(SolutionItems) = preProject
		.editorconfig = .editorconfig
	EndProjectSection
EndProject
Global
	GlobalSection(SolutionConfigurationPlatforms) = preSolution
		Debug|Any CPU = Debug|Any CPU
		Release|Any CPU = Release|Any CPU
	EndGlobalSection
	GlobalSection(ProjectConfigurationPlatforms) = postSolution
		{3791045D-2C33-46CE-B388-48F26D11D74B}.Debug|Any CPU.ActiveCfg = Debug|Any CPU
		{3791045D-2C33-46CE-B388-48F26D11D74B}.Debug|Any CPU.Build.0 = Debug|Any CPU
		{3791045D-2C33-46CE-B388-48F26D11D74B}.Release|Any CPU.ActiveCfg = Release|Any CPU
		{3791045D-2C33-46CE-B388-48F26D11D74B}.Release|Any CPU.Build.0 = Release|Any CPU
	EndGlobalSection
	GlobalSection(SolutionProperties) = preSolution
		HideSolutionNode = FALSE
	EndGlobalSection
	GlobalSection(ExtensibilityGlobals) = postSolution
		SolutionGuid = {342B506E-544C-4016-8EEF-11C30F363820}
	EndGlobalSection
EndGlobal
